{
  "version": 4,
  "terraform_version": "0.12.24",
  "serial": 33,
  "lineage": "4c92e5b7-3b45-aae0-8b4a-10b1bd18f9f8",
  "outputs": {},
  "resources": [
    {
      "mode": "managed",
      "type": "aws_instance",
      "name": "web",
      "provider": "provider.aws",
      "instances": [
        {
          "schema_version": 1,
          "attributes": {
            "ami": "ami-07ebfd5b3428b6f4d",
            "arn": "arn:aws:ec2:us-east-1:595924795825:instance/i-053b57ec28585433d",
            "associate_public_ip_address": true,
            "availability_zone": "us-east-1a",
            "cpu_core_count": 1,
            "cpu_threads_per_core": 1,
            "credit_specification": [
              {
                "cpu_credits": "standard"
              }
            ],
            "disable_api_termination": false,
            "ebs_block_device": [],
            "ebs_optimized": false,
            "ephemeral_block_device": [],
            "get_password_data": false,
            "hibernation": false,
            "host_id": null,
            "iam_instance_profile": "",
            "id": "i-053b57ec28585433d",
            "instance_initiated_shutdown_behavior": null,
            "instance_state": "running",
            "instance_type": "t2.micro",
            "ipv6_address_count": 0,
            "ipv6_addresses": [],
            "key_name": "bootcamp_user_key",
            "monitoring": false,
            "network_interface": [],
            "network_interface_id": null,
            "password_data": "",
            "placement_group": "",
            "primary_network_interface_id": "eni-0e26e25b3aa4c7330",
            "private_dns": "ip-10-0-1-132.ec2.internal",
            "private_ip": "10.0.1.132",
            "public_dns": "",
            "public_ip": "3.230.118.77",
            "root_block_device": [
              {
                "delete_on_termination": true,
                "encrypted": false,
                "iops": 100,
                "kms_key_id": "",
                "volume_id": "vol-0ceb32941f0d9e56e",
                "volume_size": 8,
                "volume_type": "gp2"
              }
            ],
            "security_groups": [],
            "source_dest_check": true,
            "subnet_id": "subnet-0144590b1bfb58323",
            "tags": {
              "Name": "bootcamp"
            },
            "tenancy": "default",
            "timeouts": null,
            "user_data": null,
            "user_data_base64": null,
            "volume_tags": {},
            "vpc_security_group_ids": [
              "sg-0a1a75e5514e3df16"
            ]
          },
          "private": "eyJlMmJmYjczMC1lY2FhLTExZTYtOGY4OC0zNDM2M2JjN2M0YzAiOnsiY3JlYXRlIjo2MDAwMDAwMDAwMDAsImRlbGV0ZSI6MTIwMDAwMDAwMDAwMCwidXBkYXRlIjo2MDAwMDAwMDAwMDB9LCJzY2hlbWFfdmVyc2lvbiI6IjEifQ==",
          "dependencies": [
            "aws_key_pair.bootcamp_user_pair",
            "aws_security_group.bootcamp_security_group",
            "aws_subnet.default",
            "aws_vpc.default"
          ]
        }
      ]
    },
    {
      "mode": "managed",
      "type": "aws_internet_gateway",
      "name": "default",
      "provider": "provider.aws",
      "instances": [
        {
          "schema_version": 0,
          "attributes": {
            "id": "igw-0c17b252325408c6a",
            "owner_id": "595924795825",
            "tags": {},
            "vpc_id": "vpc-0d0d2a741ecc4b545"
          },
          "private": "bnVsbA==",
          "dependencies": [
            "aws_vpc.default"
          ]
        }
      ]
    },
    {
      "mode": "managed",
      "type": "aws_key_pair",
      "name": "bootcamp_user_pair",
      "provider": "provider.aws",
      "instances": [
        {
          "schema_version": 1,
          "attributes": {
            "fingerprint": "05:e8:00:c1:61:45:63:35:54:b6:3d:f2:56:d4:6e:9d",
            "id": "bootcamp_user_key",
            "key_name": "bootcamp_user_key",
            "key_name_prefix": null,
            "key_pair_id": "key-0728daf8cfef94ea0",
            "public_key": "ssh-rsa AAAAB3NzaC1yc2EAAAADAQABAAACAQCucZXC3X9WL4FrahYe16ULMRJ48A1vN2AMDYvdNo664u7G4JIvyOoeso/M9SxOKU5DIwVvwnP2JhJn4e0bwP5t+Byt0rzommi9VWMj9ZsR7GDVTJea/bvFxY7xfcg86FIx73QUK4xUhTcSY5sAyrt4wRcLel72oI0zi81a5kioaFNOj9uhW1N/63rVUTgejY7AkY6WZeIEVvGxXRNoAJ2J+NBfc+nXE9D5JcXZNDEmvI1k7j7Hqelg44E5AKVKlb3KWiQojB7k+sWw3pCViSHX570YbWWGMFUcoYtqO85AN2poOVLYMSadwel9Zn/sKiHZue4KnUq+Qnxhd5qD0ZK9MzqL/jUVeQupQSuIHoIOvSo3G9DrngOekCsyKyD7lRPdTX8WTDyRF4xRhfQuWPWAcZOl2sDBm0BSh4rDtxx5wAj9hn/18b095ZjQWFkHBWzyynEc8CivNxiAu6Gpaz82ZsFtgKbZHW9Ypp4OHBUsTuxrTBLNJLQJfkmEkX6965xH6uKswfth4QWVEt3Vi/dr1FxDd8RyepSf+SQxCxFXT8MPGYiK91CrQ5JopZOtGfmf//4KcEJXhIkiMj+w584SZpRkIt7Cl5YeW/ffYAnHKv+I4SiJg2AAaShdh4qMwd0cZIoRL0SGGnKozf+7PqO9dizN12BvP1cwLFuOSkKqQw== alexnavis85@gmail.com",
            "tags": {}
          },
          "private": "eyJzY2hlbWFfdmVyc2lvbiI6IjEifQ=="
        }
      ]
    },
    {
      "mode": "managed",
      "type": "aws_route",
      "name": "internet_access",
      "provider": "provider.aws",
      "instances": [
        {
          "schema_version": 0,
          "attributes": {
            "destination_cidr_block": "0.0.0.0/0",
            "destination_ipv6_cidr_block": null,
            "destination_prefix_list_id": "",
            "egress_only_gateway_id": "",
            "gateway_id": "igw-0c17b252325408c6a",
            "id": "r-rtb-01246a632c8284db31080289494",
            "instance_id": "",
            "instance_owner_id": "",
            "nat_gateway_id": "",
            "network_interface_id": "",
            "origin": "CreateRoute",
            "route_table_id": "rtb-01246a632c8284db3",
            "state": "active",
            "timeouts": null,
            "transit_gateway_id": "",
            "vpc_peering_connection_id": ""
          },
          "private": "eyJlMmJmYjczMC1lY2FhLTExZTYtOGY4OC0zNDM2M2JjN2M0YzAiOnsiY3JlYXRlIjoxMjAwMDAwMDAwMDAsImRlbGV0ZSI6MzAwMDAwMDAwMDAwfX0=",
          "dependencies": [
            "aws_internet_gateway.default",
            "aws_vpc.default"
          ]
        }
      ]
    },
    {
      "mode": "managed",
      "type": "aws_security_group",
      "name": "bootcamp_security_group",
      "provider": "provider.aws",
      "instances": [
        {
          "schema_version": 1,
          "attributes": {
            "arn": "arn:aws:ec2:us-east-1:595924795825:security-group/sg-0a1a75e5514e3df16",
            "description": "default VPC security group",
            "egress": [
              {
                "cidr_blocks": [
                  "0.0.0.0/0"
                ],
                "description": "",
                "from_port": 0,
                "ipv6_cidr_blocks": [],
                "prefix_list_ids": [],
                "protocol": "-1",
                "security_groups": [],
                "self": false,
                "to_port": 0
              }
            ],
            "id": "sg-0a1a75e5514e3df16",
            "ingress": [
              {
                "cidr_blocks": [
                  "0.0.0.0/0"
                ],
                "description": "",
                "from_port": 8080,
                "ipv6_cidr_blocks": [],
                "prefix_list_ids": [],
                "protocol": "tcp",
                "security_groups": [],
                "self": false,
                "to_port": 8080
              },
              {
                "cidr_blocks": [
                  "0.0.0.0/0"
                ],
                "description": null,
                "from_port": 22,
                "ipv6_cidr_blocks": [],
                "prefix_list_ids": [],
                "protocol": "tcp",
                "security_groups": [],
                "self": false,
                "to_port": 22
              },
              {
                "cidr_blocks": [
                  "0.0.0.0/0"
                ],
                "description": null,
                "from_port": 80,
                "ipv6_cidr_blocks": [],
                "prefix_list_ids": [],
                "protocol": "tcp",
                "security_groups": [],
                "self": false,
                "to_port": 80
              }
            ],
            "name": "bootcamp_security_group",
            "name_prefix": null,
            "owner_id": "595924795825",
            "revoke_rules_on_delete": false,
            "tags": {},
            "timeouts": null,
            "vpc_id": "vpc-0d0d2a741ecc4b545"
          },
          "private": "eyJlMmJmYjczMC1lY2FhLTExZTYtOGY4OC0zNDM2M2JjN2M0YzAiOnsiY3JlYXRlIjo2MDAwMDAwMDAwMDAsImRlbGV0ZSI6NjAwMDAwMDAwMDAwfSwic2NoZW1hX3ZlcnNpb24iOiIxIn0=",
          "dependencies": [
            "aws_vpc.default"
          ]
        }
      ]
    },
    {
      "mode": "managed",
      "type": "aws_subnet",
      "name": "default",
      "provider": "provider.aws",
      "instances": [
        {
          "schema_version": 1,
          "attributes": {
            "arn": "arn:aws:ec2:us-east-1:595924795825:subnet/subnet-0144590b1bfb58323",
            "assign_ipv6_address_on_creation": false,
            "availability_zone": "us-east-1a",
            "availability_zone_id": "use1-az1",
            "cidr_block": "10.0.1.0/24",
            "id": "subnet-0144590b1bfb58323",
            "ipv6_cidr_block": "",
            "ipv6_cidr_block_association_id": "",
            "map_public_ip_on_launch": true,
            "owner_id": "595924795825",
            "tags": {},
            "timeouts": null,
            "vpc_id": "vpc-0d0d2a741ecc4b545"
          },
          "private": "eyJlMmJmYjczMC1lY2FhLTExZTYtOGY4OC0zNDM2M2JjN2M0YzAiOnsiY3JlYXRlIjo2MDAwMDAwMDAwMDAsImRlbGV0ZSI6MTIwMDAwMDAwMDAwMH0sInNjaGVtYV92ZXJzaW9uIjoiMSJ9",
          "dependencies": [
            "aws_vpc.default"
          ]
        }
      ]
    },
    {
      "mode": "managed",
      "type": "aws_vpc",
      "name": "default",
      "provider": "provider.aws",
      "instances": [
        {
          "schema_version": 1,
          "attributes": {
            "arn": "arn:aws:ec2:us-east-1:595924795825:vpc/vpc-0d0d2a741ecc4b545",
            "assign_generated_ipv6_cidr_block": false,
            "cidr_block": "10.0.0.0/16",
            "default_network_acl_id": "acl-0da06b130d0a74d0d",
            "default_route_table_id": "rtb-01246a632c8284db3",
            "default_security_group_id": "sg-088a2b01bb3759309",
            "dhcp_options_id": "dopt-8b88faf0",
            "enable_classiclink": false,
            "enable_classiclink_dns_support": false,
            "enable_dns_hostnames": false,
            "enable_dns_support": true,
            "id": "vpc-0d0d2a741ecc4b545",
            "instance_tenancy": "default",
            "ipv6_association_id": "",
            "ipv6_cidr_block": "",
            "main_route_table_id": "rtb-01246a632c8284db3",
            "owner_id": "595924795825",
            "tags": {}
          },
          "private": "eyJzY2hlbWFfdmVyc2lvbiI6IjEifQ=="
        }
      ]
    }
  ]
}
